
Microsoft Visual Studio Solution File, Format Version 12.00
# Visual Studio Version 16
VisualStudioVersion = 16.0.31019.194
MinimumVisualStudioVersion = 10.0.40219.1
Project("{9A19103F-16F7-4668-BE54-9A1E7A4F7556}") = "Adoption", "AdoptionApi\Adoption.csproj", "{2E548ECF-2964-442A-B37E-8532A4F423C4}"
EndProject
Project("{FAE04EC0-301F-11D3-BF4B-00C04F79EFBC}") = "Adoption.Infrastruct.Data", "Adoption.Infrastruct.Data\Adoption.Infrastruct.Data.csproj", "{2EE9DEBB-DCFA-4D5B-A96F-3497180D2B6E}"
EndProject
Global
	GlobalSection(SolutionConfigurationPlatforms) = preSolution
		Debug|Any CPU = Debug|Any CPU
		Release|Any CPU = Release|Any CPU
	EndGlobalSection
	GlobalSection(ProjectConfigurationPlatforms) = postSolution
		{2E548ECF-2964-442A-B37E-8532A4F423C4}.Debug|Any CPU.ActiveCfg = Debug|Any CPU
		{2E548ECF-2964-442A-B37E-8532A4F423C4}.Debug|Any CPU.Build.0 = Debug|Any CPU
		{2E548ECF-2964-442A-B37E-8532A4F423C4}.Release|Any CPU.ActiveCfg = Release|Any CPU
		{2E548ECF-2964-442A-B37E-8532A4F423C4}.Release|Any CPU.Build.0 = Release|Any CPU
		{2EE9DEBB-DCFA-4D5B-A96F-3497180D2B6E}.Debug|Any CPU.ActiveCfg = Debug|Any CPU
		{2EE9DEBB-DCFA-4D5B-A96F-3497180D2B6E}.Debug|Any CPU.Build.0 = Debug|Any CPU
		{2EE9DEBB-DCFA-4D5B-A96F-3497180D2B6E}.Release|Any CPU.ActiveCfg = Release|Any CPU
		{2EE9DEBB-DCFA-4D5B-A96F-3497180D2B6E}.Release|Any CPU.Build.0 = Release|Any CPU
	EndGlobalSection
	GlobalSection(SolutionProperties) = preSolution
		HideSolutionNode = FALSE
	EndGlobalSection
	GlobalSection(ExtensibilityGlobals) = postSolution
		SolutionGuid = {2F7E0D41-EAFF-499E-B756-3BFD13DC1E83}
	EndGlobalSection
EndGlobal
