
Microsoft Visual Studio Solution File, Format Version 12.00
# Visual Studio Version 17
VisualStudioVersion = 17.0.31903.59
MinimumVisualStudioVersion = 10.0.40219.1
Project("{FAE04EC0-301F-11D3-BF4B-00C04F79EFBC}") = "Adoption.API.Client", "Adoption.API.Client\Adoption.API.Client.csproj", "{89516FDF-2B22-4960-A6EB-EAC03C33F987}"
EndProject
Project("{FAE04EC0-301F-11D3-BF4B-00C04F79EFBC}") = "Adoption.Application", "Adoption.Application\Adoption.Application.csproj", "{CF9B7F7D-6E00-4DF2-AEA9-89081D97F37A}"
EndProject
Project("{FAE04EC0-301F-11D3-BF4B-00C04F79EFBC}") = "Adoption.Application.Contracts", "Adoption.Application.Contracts\Adoption.Application.Contracts.csproj", "{4C7A3787-E14C-4DC7-9B13-0F842F6A59F8}"
EndProject
Project("{FAE04EC0-301F-11D3-BF4B-00C04F79EFBC}") = "Adoption.DbMigrator", "Adoption.DbMigrator\Adoption.DbMigrator.csproj", "{4A6D8879-DBE0-45DE-BF38-42035E7DB6C7}"
EndProject
Project("{FAE04EC0-301F-11D3-BF4B-00C04F79EFBC}") = "Adoption.Domain", "Adoption.Domain\Adoption.Domain.csproj", "{7B67F752-F11F-48BD-9E9D-6BB29B87B444}"
EndProject
Project("{FAE04EC0-301F-11D3-BF4B-00C04F79EFBC}") = "Adoption.Domain.Shared", "Adoption.Domain.Shared\Adoption.Domain.Shared.csproj", "{C4056562-1490-4ACB-A665-4A19FD04425B}"
EndProject
Project("{FAE04EC0-301F-11D3-BF4B-00C04F79EFBC}") = "Adoption.Host", "Adoption.Host\Adoption.Host.csproj", "{D1BFE9F2-8078-44F8-A84F-6E6E655C144B}"
EndProject
Project("{FAE04EC0-301F-11D3-BF4B-00C04F79EFBC}") = "Adoption.Infrastruct.Data", "Adoption.Infrastruct.Data\Adoption.Infrastruct.Data.csproj", "{41E23EAD-EE42-46E2-BF10-6E7AE79A6C19}"
EndProject
Project("{FAE04EC0-301F-11D3-BF4B-00C04F79EFBC}") = "Adoption.Infrastruct.Data.DbMigrations", "Adoption.Infrastruct.Data.DbMigrations\Adoption.Infrastruct.Data.DbMigrations.csproj", "{12649C63-D2E1-4FB7-85C9-23F1BA2AD251}"
EndProject
Global
	GlobalSection(SolutionConfigurationPlatforms) = preSolution
		Debug|Any CPU = Debug|Any CPU
		Release|Any CPU = Release|Any CPU
	EndGlobalSection
	GlobalSection(SolutionProperties) = preSolution
		HideSolutionNode = FALSE
	EndGlobalSection
	GlobalSection(ProjectConfigurationPlatforms) = postSolution
		{89516FDF-2B22-4960-A6EB-EAC03C33F987}.Debug|Any CPU.ActiveCfg = Debug|Any CPU
		{89516FDF-2B22-4960-A6EB-EAC03C33F987}.Debug|Any CPU.Build.0 = Debug|Any CPU
		{89516FDF-2B22-4960-A6EB-EAC03C33F987}.Release|Any CPU.ActiveCfg = Release|Any CPU
		{89516FDF-2B22-4960-A6EB-EAC03C33F987}.Release|Any CPU.Build.0 = Release|Any CPU
		{CF9B7F7D-6E00-4DF2-AEA9-89081D97F37A}.Debug|Any CPU.ActiveCfg = Debug|Any CPU
		{CF9B7F7D-6E00-4DF2-AEA9-89081D97F37A}.Debug|Any CPU.Build.0 = Debug|Any CPU
		{CF9B7F7D-6E00-4DF2-AEA9-89081D97F37A}.Release|Any CPU.ActiveCfg = Release|Any CPU
		{CF9B7F7D-6E00-4DF2-AEA9-89081D97F37A}.Release|Any CPU.Build.0 = Release|Any CPU
		{4C7A3787-E14C-4DC7-9B13-0F842F6A59F8}.Debug|Any CPU.ActiveCfg = Debug|Any CPU
		{4C7A3787-E14C-4DC7-9B13-0F842F6A59F8}.Debug|Any CPU.Build.0 = Debug|Any CPU
		{4C7A3787-E14C-4DC7-9B13-0F842F6A59F8}.Release|Any CPU.ActiveCfg = Release|Any CPU
		{4C7A3787-E14C-4DC7-9B13-0F842F6A59F8}.Release|Any CPU.Build.0 = Release|Any CPU
		{4A6D8879-DBE0-45DE-BF38-42035E7DB6C7}.Debug|Any CPU.ActiveCfg = Debug|Any CPU
		{4A6D8879-DBE0-45DE-BF38-42035E7DB6C7}.Debug|Any CPU.Build.0 = Debug|Any CPU
		{4A6D8879-DBE0-45DE-BF38-42035E7DB6C7}.Release|Any CPU.ActiveCfg = Release|Any CPU
		{4A6D8879-DBE0-45DE-BF38-42035E7DB6C7}.Release|Any CPU.Build.0 = Release|Any CPU
		{7B67F752-F11F-48BD-9E9D-6BB29B87B444}.Debug|Any CPU.ActiveCfg = Debug|Any CPU
		{7B67F752-F11F-48BD-9E9D-6BB29B87B444}.Debug|Any CPU.Build.0 = Debug|Any CPU
		{7B67F752-F11F-48BD-9E9D-6BB29B87B444}.Release|Any CPU.ActiveCfg = Release|Any CPU
		{7B67F752-F11F-48BD-9E9D-6BB29B87B444}.Release|Any CPU.Build.0 = Release|Any CPU
		{C4056562-1490-4ACB-A665-4A19FD04425B}.Debug|Any CPU.ActiveCfg = Debug|Any CPU
		{C4056562-1490-4ACB-A665-4A19FD04425B}.Debug|Any CPU.Build.0 = Debug|Any CPU
		{C4056562-1490-4ACB-A665-4A19FD04425B}.Release|Any CPU.ActiveCfg = Release|Any CPU
		{C4056562-1490-4ACB-A665-4A19FD04425B}.Release|Any CPU.Build.0 = Release|Any CPU
		{D1BFE9F2-8078-44F8-A84F-6E6E655C144B}.Debug|Any CPU.ActiveCfg = Debug|Any CPU
		{D1BFE9F2-8078-44F8-A84F-6E6E655C144B}.Debug|Any CPU.Build.0 = Debug|Any CPU
		{D1BFE9F2-8078-44F8-A84F-6E6E655C144B}.Release|Any CPU.ActiveCfg = Release|Any CPU
		{D1BFE9F2-8078-44F8-A84F-6E6E655C144B}.Release|Any CPU.Build.0 = Release|Any CPU
		{41E23EAD-EE42-46E2-BF10-6E7AE79A6C19}.Debug|Any CPU.ActiveCfg = Debug|Any CPU
		{41E23EAD-EE42-46E2-BF10-6E7AE79A6C19}.Debug|Any CPU.Build.0 = Debug|Any CPU
		{41E23EAD-EE42-46E2-BF10-6E7AE79A6C19}.Release|Any CPU.ActiveCfg = Release|Any CPU
		{41E23EAD-EE42-46E2-BF10-6E7AE79A6C19}.Release|Any CPU.Build.0 = Release|Any CPU
		{12649C63-D2E1-4FB7-85C9-23F1BA2AD251}.Debug|Any CPU.ActiveCfg = Debug|Any CPU
		{12649C63-D2E1-4FB7-85C9-23F1BA2AD251}.Debug|Any CPU.Build.0 = Debug|Any CPU
		{12649C63-D2E1-4FB7-85C9-23F1BA2AD251}.Release|Any CPU.ActiveCfg = Release|Any CPU
		{12649C63-D2E1-4FB7-85C9-23F1BA2AD251}.Release|Any CPU.Build.0 = Release|Any CPU
	EndGlobalSection
EndGlobal
