
Microsoft Visual Studio Solution File, Format Version 12.00
# Visual Studio Version 17
VisualStudioVersion = 17.0.31410.414
MinimumVisualStudioVersion = 10.0.40219.1
Project("{9A19103F-16F7-4668-BE54-9A1E7A4F7556}") = "Adoption.Host", "Adoption.Host\Adoption.Host.csproj", "{2E548ECF-2964-442A-B37E-8532A4F423C4}"
EndProject
Project("{9A19103F-16F7-4668-BE54-9A1E7A4F7556}") = "Adoption.Infrastruct.Data", "Adoption.Infrastruct.Data\Adoption.Infrastruct.Data.csproj", "{2EE9DEBB-DCFA-4D5B-A96F-3497180D2B6E}"
EndProject
Project("{9A19103F-16F7-4668-BE54-9A1E7A4F7556}") = "Adoption.Domain", "Adoption.Domain\Adoption.Domain.csproj", "{52E51FBD-E947-4AB5-9A02-BBFC51DBB6C5}"
EndProject
Project("{9A19103F-16F7-4668-BE54-9A1E7A4F7556}") = "Adoption.Application", "Adoption.Application\Adoption.Application.csproj", "{2CB31AA7-161A-4787-B296-C011C3919A75}"
EndProject
Project("{9A19103F-16F7-4668-BE54-9A1E7A4F7556}") = "Adoption.Application.Contracts", "Adoption.Application.Contracts\Adoption.Application.Contracts.csproj", "{41594373-C826-4EE7-AAB0-9EA5D2DF66B7}"
EndProject
Project("{2150E333-8FDC-42A3-9474-1A3956D46DE8}") = "Solution Items", "Solution Items", "{7F82C1DB-E058-4BB0-AFBE-5BCAE6E56683}"
	ProjectSection(SolutionItems) = preProject
		readme.md = readme.md
	EndProjectSection
EndProject
Project("{9A19103F-16F7-4668-BE54-9A1E7A4F7556}") = "Adoption.Domain.Shared", "Adoption.Domain.Shared\Adoption.Domain.Shared.csproj", "{AB17E6A8-7E28-4B3C-8571-B59B05EDB264}"
EndProject
Project("{9A19103F-16F7-4668-BE54-9A1E7A4F7556}") = "Adoption.Infrastruct.Data.DbMigrations", "Adoption.Infrastruct.Data.DbMigrations\Adoption.Infrastruct.Data.DbMigrations.csproj", "{7E7142D5-5AB0-4AA1-99FE-AF8488C9384E}"
EndProject
Project("{9A19103F-16F7-4668-BE54-9A1E7A4F7556}") = "Adoption.DbMigrator", "Adoption.DbMigrator\Adoption.DbMigrator.csproj", "{5BA763E0-5116-4E0B-9942-8242ADDBBACD}"
EndProject
Global
	GlobalSection(SolutionConfigurationPlatforms) = preSolution
		Debug|Any CPU = Debug|Any CPU
		Release|Any CPU = Release|Any CPU
	EndGlobalSection
	GlobalSection(ProjectConfigurationPlatforms) = postSolution
		{2E548ECF-2964-442A-B37E-8532A4F423C4}.Debug|Any CPU.ActiveCfg = Debug|Any CPU
		{2E548ECF-2964-442A-B37E-8532A4F423C4}.Debug|Any CPU.Build.0 = Debug|Any CPU
		{2E548ECF-2964-442A-B37E-8532A4F423C4}.Release|Any CPU.ActiveCfg = Release|Any CPU
		{2E548ECF-2964-442A-B37E-8532A4F423C4}.Release|Any CPU.Build.0 = Release|Any CPU
		{2EE9DEBB-DCFA-4D5B-A96F-3497180D2B6E}.Debug|Any CPU.ActiveCfg = Debug|Any CPU
		{2EE9DEBB-DCFA-4D5B-A96F-3497180D2B6E}.Debug|Any CPU.Build.0 = Debug|Any CPU
		{2EE9DEBB-DCFA-4D5B-A96F-3497180D2B6E}.Release|Any CPU.ActiveCfg = Release|Any CPU
		{2EE9DEBB-DCFA-4D5B-A96F-3497180D2B6E}.Release|Any CPU.Build.0 = Release|Any CPU
		{52E51FBD-E947-4AB5-9A02-BBFC51DBB6C5}.Debug|Any CPU.ActiveCfg = Debug|Any CPU
		{52E51FBD-E947-4AB5-9A02-BBFC51DBB6C5}.Debug|Any CPU.Build.0 = Debug|Any CPU
		{52E51FBD-E947-4AB5-9A02-BBFC51DBB6C5}.Release|Any CPU.ActiveCfg = Release|Any CPU
		{52E51FBD-E947-4AB5-9A02-BBFC51DBB6C5}.Release|Any CPU.Build.0 = Release|Any CPU
		{2CB31AA7-161A-4787-B296-C011C3919A75}.Debug|Any CPU.ActiveCfg = Debug|Any CPU
		{2CB31AA7-161A-4787-B296-C011C3919A75}.Debug|Any CPU.Build.0 = Debug|Any CPU
		{2CB31AA7-161A-4787-B296-C011C3919A75}.Release|Any CPU.ActiveCfg = Release|Any CPU
		{2CB31AA7-161A-4787-B296-C011C3919A75}.Release|Any CPU.Build.0 = Release|Any CPU
		{41594373-C826-4EE7-AAB0-9EA5D2DF66B7}.Debug|Any CPU.ActiveCfg = Debug|Any CPU
		{41594373-C826-4EE7-AAB0-9EA5D2DF66B7}.Debug|Any CPU.Build.0 = Debug|Any CPU
		{41594373-C826-4EE7-AAB0-9EA5D2DF66B7}.Release|Any CPU.ActiveCfg = Release|Any CPU
		{41594373-C826-4EE7-AAB0-9EA5D2DF66B7}.Release|Any CPU.Build.0 = Release|Any CPU
		{AB17E6A8-7E28-4B3C-8571-B59B05EDB264}.Debug|Any CPU.ActiveCfg = Debug|Any CPU
		{AB17E6A8-7E28-4B3C-8571-B59B05EDB264}.Debug|Any CPU.Build.0 = Debug|Any CPU
		{AB17E6A8-7E28-4B3C-8571-B59B05EDB264}.Release|Any CPU.ActiveCfg = Release|Any CPU
		{AB17E6A8-7E28-4B3C-8571-B59B05EDB264}.Release|Any CPU.Build.0 = Release|Any CPU
		{7E7142D5-5AB0-4AA1-99FE-AF8488C9384E}.Debug|Any CPU.ActiveCfg = Debug|Any CPU
		{7E7142D5-5AB0-4AA1-99FE-AF8488C9384E}.Debug|Any CPU.Build.0 = Debug|Any CPU
		{7E7142D5-5AB0-4AA1-99FE-AF8488C9384E}.Release|Any CPU.ActiveCfg = Release|Any CPU
		{7E7142D5-5AB0-4AA1-99FE-AF8488C9384E}.Release|Any CPU.Build.0 = Release|Any CPU
		{5BA763E0-5116-4E0B-9942-8242ADDBBACD}.Debug|Any CPU.ActiveCfg = Debug|Any CPU
		{5BA763E0-5116-4E0B-9942-8242ADDBBACD}.Debug|Any CPU.Build.0 = Debug|Any CPU
		{5BA763E0-5116-4E0B-9942-8242ADDBBACD}.Release|Any CPU.ActiveCfg = Release|Any CPU
		{5BA763E0-5116-4E0B-9942-8242ADDBBACD}.Release|Any CPU.Build.0 = Release|Any CPU
	EndGlobalSection
	GlobalSection(SolutionProperties) = preSolution
		HideSolutionNode = FALSE
	EndGlobalSection
	GlobalSection(ExtensibilityGlobals) = postSolution
		SolutionGuid = {2F7E0D41-EAFF-499E-B756-3BFD13DC1E83}
	EndGlobalSection
EndGlobal
